
Microsoft Visual Studio Solution File, Format Version 12.00
# Visual Studio Version 17
VisualStudioVersion = 17.2.32526.322
MinimumVisualStudioVersion = 10.0.40219.1
Project("{9A19103F-16F7-4668-BE54-9A1E7A4F7556}") = "KeepScore", "KeepScore\KeepScore.csproj", "{69916D66-465D-44E2-955C-27A6B34A5FC7}"
EndProject
Project("{2150E333-8FDC-42A3-9474-1A3956D46DE8}") = "Solution Items", "Solution Items", "{1B554141-1A11-4F96-82D4-DDAB62D49733}"
	ProjectSection(SolutionItems) = preProject
		KeepScore\img\Spare.png = KeepScore\img\Spare.png
		KeepScore\img\Strike.png = KeepScore\img\Strike.png
	EndProjectSection
EndProject
Project("{C7167F0D-BC9F-4E6E-AFE1-012C56B48DB5}") = "PackagingProject", "PackagingProject\PackagingProject.wapproj", "{F92CFA96-C42F-4FB1-9C76-01C6BE22EA26}"
EndProject
Project("{54435603-DBB4-11D2-8724-00A0C9A8B90C}") = "KeepScoreSetup", "KeepScoreSetup\KeepScoreSetup.vdproj", "{261AA179-4040-4E29-A7C0-F93CF126B6A9}"
EndProject
Global
	GlobalSection(SolutionConfigurationPlatforms) = preSolution
		Debug|Any CPU = Debug|Any CPU
		Debug|ARM = Debug|ARM
		Debug|ARM64 = Debug|ARM64
		Debug|x64 = Debug|x64
		Debug|x86 = Debug|x86
		Release|Any CPU = Release|Any CPU
		Release|ARM = Release|ARM
		Release|ARM64 = Release|ARM64
		Release|x64 = Release|x64
		Release|x86 = Release|x86
	EndGlobalSection
	GlobalSection(ProjectConfigurationPlatforms) = postSolution
		{69916D66-465D-44E2-955C-27A6B34A5FC7}.Debug|Any CPU.ActiveCfg = Debug|Any CPU
		{69916D66-465D-44E2-955C-27A6B34A5FC7}.Debug|Any CPU.Build.0 = Debug|Any CPU
		{69916D66-465D-44E2-955C-27A6B34A5FC7}.Debug|ARM.ActiveCfg = Debug|Any CPU
		{69916D66-465D-44E2-955C-27A6B34A5FC7}.Debug|ARM.Build.0 = Debug|Any CPU
		{69916D66-465D-44E2-955C-27A6B34A5FC7}.Debug|ARM64.ActiveCfg = Debug|Any CPU
		{69916D66-465D-44E2-955C-27A6B34A5FC7}.Debug|ARM64.Build.0 = Debug|Any CPU
		{69916D66-465D-44E2-955C-27A6B34A5FC7}.Debug|x64.ActiveCfg = Debug|Any CPU
		{69916D66-465D-44E2-955C-27A6B34A5FC7}.Debug|x64.Build.0 = Debug|Any CPU
		{69916D66-465D-44E2-955C-27A6B34A5FC7}.Debug|x86.ActiveCfg = Debug|Any CPU
		{69916D66-465D-44E2-955C-27A6B34A5FC7}.Debug|x86.Build.0 = Debug|Any CPU
		{69916D66-465D-44E2-955C-27A6B34A5FC7}.Release|Any CPU.ActiveCfg = Release|Any CPU
		{69916D66-465D-44E2-955C-27A6B34A5FC7}.Release|Any CPU.Build.0 = Release|Any CPU
		{69916D66-465D-44E2-955C-27A6B34A5FC7}.Release|ARM.ActiveCfg = Release|Any CPU
		{69916D66-465D-44E2-955C-27A6B34A5FC7}.Release|ARM.Build.0 = Release|Any CPU
		{69916D66-465D-44E2-955C-27A6B34A5FC7}.Release|ARM64.ActiveCfg = Release|Any CPU
		{69916D66-465D-44E2-955C-27A6B34A5FC7}.Release|ARM64.Build.0 = Release|Any CPU
		{69916D66-465D-44E2-955C-27A6B34A5FC7}.Release|x64.ActiveCfg = Release|Any CPU
		{69916D66-465D-44E2-955C-27A6B34A5FC7}.Release|x64.Build.0 = Release|Any CPU
		{69916D66-465D-44E2-955C-27A6B34A5FC7}.Release|x86.ActiveCfg = Release|Any CPU
		{69916D66-465D-44E2-955C-27A6B34A5FC7}.Release|x86.Build.0 = Release|Any CPU
		{F92CFA96-C42F-4FB1-9C76-01C6BE22EA26}.Debug|Any CPU.ActiveCfg = Debug|Any CPU
		{F92CFA96-C42F-4FB1-9C76-01C6BE22EA26}.Debug|Any CPU.Build.0 = Debug|Any CPU
		{F92CFA96-C42F-4FB1-9C76-01C6BE22EA26}.Debug|Any CPU.Deploy.0 = Debug|Any CPU
		{F92CFA96-C42F-4FB1-9C76-01C6BE22EA26}.Debug|ARM.ActiveCfg = Debug|ARM
		{F92CFA96-C42F-4FB1-9C76-01C6BE22EA26}.Debug|ARM.Build.0 = Debug|ARM
		{F92CFA96-C42F-4FB1-9C76-01C6BE22EA26}.Debug|ARM.Deploy.0 = Debug|ARM
		{F92CFA96-C42F-4FB1-9C76-01C6BE22EA26}.Debug|ARM64.ActiveCfg = Debug|ARM64
		{F92CFA96-C42F-4FB1-9C76-01C6BE22EA26}.Debug|ARM64.Build.0 = Debug|ARM64
		{F92CFA96-C42F-4FB1-9C76-01C6BE22EA26}.Debug|ARM64.Deploy.0 = Debug|ARM64
		{F92CFA96-C42F-4FB1-9C76-01C6BE22EA26}.Debug|x64.ActiveCfg = Debug|x64
		{F92CFA96-C42F-4FB1-9C76-01C6BE22EA26}.Debug|x64.Build.0 = Debug|x64
		{F92CFA96-C42F-4FB1-9C76-01C6BE22EA26}.Debug|x64.Deploy.0 = Debug|x64
		{F92CFA96-C42F-4FB1-9C76-01C6BE22EA26}.Debug|x86.ActiveCfg = Debug|x86
		{F92CFA96-C42F-4FB1-9C76-01C6BE22EA26}.Debug|x86.Build.0 = Debug|x86
		{F92CFA96-C42F-4FB1-9C76-01C6BE22EA26}.Debug|x86.Deploy.0 = Debug|x86
		{F92CFA96-C42F-4FB1-9C76-01C6BE22EA26}.Release|Any CPU.ActiveCfg = Release|Any CPU
		{F92CFA96-C42F-4FB1-9C76-01C6BE22EA26}.Release|Any CPU.Build.0 = Release|Any CPU
		{F92CFA96-C42F-4FB1-9C76-01C6BE22EA26}.Release|Any CPU.Deploy.0 = Release|Any CPU
		{F92CFA96-C42F-4FB1-9C76-01C6BE22EA26}.Release|ARM.ActiveCfg = Release|ARM
		{F92CFA96-C42F-4FB1-9C76-01C6BE22EA26}.Release|ARM.Build.0 = Release|ARM
		{F92CFA96-C42F-4FB1-9C76-01C6BE22EA26}.Release|ARM.Deploy.0 = Release|ARM
		{F92CFA96-C42F-4FB1-9C76-01C6BE22EA26}.Release|ARM64.ActiveCfg = Release|ARM64
		{F92CFA96-C42F-4FB1-9C76-01C6BE22EA26}.Release|ARM64.Build.0 = Release|ARM64
		{F92CFA96-C42F-4FB1-9C76-01C6BE22EA26}.Release|ARM64.Deploy.0 = Release|ARM64
		{F92CFA96-C42F-4FB1-9C76-01C6BE22EA26}.Release|x64.ActiveCfg = Release|x64
		{F92CFA96-C42F-4FB1-9C76-01C6BE22EA26}.Release|x64.Build.0 = Release|x64
		{F92CFA96-C42F-4FB1-9C76-01C6BE22EA26}.Release|x64.Deploy.0 = Release|x64
		{F92CFA96-C42F-4FB1-9C76-01C6BE22EA26}.Release|x86.ActiveCfg = Release|x86
		{F92CFA96-C42F-4FB1-9C76-01C6BE22EA26}.Release|x86.Build.0 = Release|x86
		{F92CFA96-C42F-4FB1-9C76-01C6BE22EA26}.Release|x86.Deploy.0 = Release|x86
		{261AA179-4040-4E29-A7C0-F93CF126B6A9}.Debug|Any CPU.ActiveCfg = Debug
		{261AA179-4040-4E29-A7C0-F93CF126B6A9}.Debug|ARM.ActiveCfg = Debug
		{261AA179-4040-4E29-A7C0-F93CF126B6A9}.Debug|ARM64.ActiveCfg = Debug
		{261AA179-4040-4E29-A7C0-F93CF126B6A9}.Debug|x64.ActiveCfg = Debug
		{261AA179-4040-4E29-A7C0-F93CF126B6A9}.Debug|x86.ActiveCfg = Debug
		{261AA179-4040-4E29-A7C0-F93CF126B6A9}.Release|Any CPU.ActiveCfg = Release
		{261AA179-4040-4E29-A7C0-F93CF126B6A9}.Release|ARM.ActiveCfg = Release
		{261AA179-4040-4E29-A7C0-F93CF126B6A9}.Release|ARM64.ActiveCfg = Release
		{261AA179-4040-4E29-A7C0-F93CF126B6A9}.Release|x64.ActiveCfg = Release
		{261AA179-4040-4E29-A7C0-F93CF126B6A9}.Release|x86.ActiveCfg = Release
	EndGlobalSection
	GlobalSection(SolutionProperties) = preSolution
		HideSolutionNode = FALSE
	EndGlobalSection
	GlobalSection(NestedProjects) = preSolution
		{261AA179-4040-4E29-A7C0-F93CF126B6A9} = {1B554141-1A11-4F96-82D4-DDAB62D49733}
	EndGlobalSection
	GlobalSection(ExtensibilityGlobals) = postSolution
		SolutionGuid = {F757FF71-1E10-4792-B4D3-FDB3804AAF13}
	EndGlobalSection
EndGlobal
